
Microsoft Visual Studio Solution File, Format Version 12.00
# Visual Studio 15
VisualStudioVersion = 15.0.27130.2036
MinimumVisualStudioVersion = 10.0.40219.1
Project("{9A19103F-16F7-4668-BE54-9A1E7A4F7556}") = "LogEntriesDemo", "LogEntriesDemo\LogEntriesDemo.csproj", "{286007E9-8D4D-428E-B650-9FB2521ADB27}"
EndProject
Project("{9A19103F-16F7-4668-BE54-9A1E7A4F7556}") = "LogentriesLog4net", "LogentriesLog4net\LogentriesLog4net.csproj", "{AA872BD2-7FF7-4EA0-9F94-6901816E2DCE}"
EndProject
Global
	GlobalSection(SolutionConfigurationPlatforms) = preSolution
		Debug|Any CPU = Debug|Any CPU
		Release|Any CPU = Release|Any CPU
	EndGlobalSection
	GlobalSection(ProjectConfigurationPlatforms) = postSolution
		{286007E9-8D4D-428E-B650-9FB2521ADB27}.Debug|Any CPU.ActiveCfg = Debug|Any CPU
		{286007E9-8D4D-428E-B650-9FB2521ADB27}.Debug|Any CPU.Build.0 = Debug|Any CPU
		{286007E9-8D4D-428E-B650-9FB2521ADB27}.Release|Any CPU.ActiveCfg = Release|Any CPU
		{286007E9-8D4D-428E-B650-9FB2521ADB27}.Release|Any CPU.Build.0 = Release|Any CPU
		{AA872BD2-7FF7-4EA0-9F94-6901816E2DCE}.Debug|Any CPU.ActiveCfg = Debug|Any CPU
		{AA872BD2-7FF7-4EA0-9F94-6901816E2DCE}.Debug|Any CPU.Build.0 = Debug|Any CPU
		{AA872BD2-7FF7-4EA0-9F94-6901816E2DCE}.Release|Any CPU.ActiveCfg = Release|Any CPU
		{AA872BD2-7FF7-4EA0-9F94-6901816E2DCE}.Release|Any CPU.Build.0 = Release|Any CPU
	EndGlobalSection
	GlobalSection(SolutionProperties) = preSolution
		HideSolutionNode = FALSE
	EndGlobalSection
	GlobalSection(ExtensibilityGlobals) = postSolution
		SolutionGuid = {8A1C014D-F4B1-45AF-B912-DF9A3DE8CB55}
	EndGlobalSection
EndGlobal
